<?xml version="1.0" encoding="utf-8"?>
<Project ToolsVersion="4.0" xmlns="http://schemas.microsoft.com/developer/msbuild/2003">
  <ItemGroup>
    <Filter Include="Source Files">
      <UniqueIdentifier>{4FC737F1-C7A5-4376-A066-2A32D752A2FF}</UniqueIdentifier>
      <Extensions>cpp;c;cc;cxx;def;odl;idl;hpj;bat;asm;asmx</Extensions>
    </Filter>
    <Filter Include="Header Files">
      <UniqueIdentifier>{93995380-89BD-4b04-88EB-625FBE52EBFB}</UniqueIdentifier>
      <Extensions>h;hh;hpp;hxx;hm;inl;inc;xsd</Extensions>
    </Filter>
    <Filter Include="Tetris reference files">
      <UniqueIdentifier>{e82816e6-048f-447e-a9dd-a956201433dd}</UniqueIdentifier>
    </Filter>
    <Filter Include="Resource Files">
      <UniqueIdentifier>{933af8bb-61b7-46ef-a058-f43a01fe64bc}</UniqueIdentifier>
    </Filter>
  </ItemGroup>
  <ItemGroup>
    <ClCompile Include="..\..\EDK_II\MdeModulePkg\Application\tetris ref\board.c">
      <Filter>Tetris reference files</Filter>
    </ClCompile>
    <ClCompile Include="..\..\EDK_II\MdeModulePkg\Application\tetris ref\game.c">
      <Filter>Tetris reference files</Filter>
    </ClCompile>
    <ClCompile Include="..\..\EDK_II\MdeModulePkg\Application\tetris ref\main.c">
      <Filter>Tetris reference files</Filter>
    </ClCompile>
    <ClCompile Include="..\..\EDK_II\MdeModulePkg\Application\tetris ref\piece.c">
      <Filter>Tetris reference files</Filter>
    </ClCompile>
    <ClCompile Include="..\..\EDK_II\MdeModulePkg\Application\tetris\main.c">
      <Filter>Source Files</Filter>
    </ClCompile>
  </ItemGroup>
  <ItemGroup>
    <None Include="..\..\EDK_II\MdeModulePkg\Application\tetris ref\tetris.inf">
      <Filter>Tetris reference files</Filter>
    </None>
    <None Include="..\..\EDK_II\MdeModulePkg\MdeModulePkg.dsc">
      <Filter>Resource Files</Filter>
    </None>
    <None Include="..\..\EDK_II\MdeModulePkg\Application\tetris\tetris.inf">
      <Filter>Resource Files</Filter>
    </None>
  </ItemGroup>
  <ItemGroup>
    <ClInclude Include="..\..\EDK_II\MdeModulePkg\Application\tetris ref\board.h">
      <Filter>Tetris reference files</Filter>
    </ClInclude>
    <ClInclude Include="..\..\EDK_II\MdeModulePkg\Application\tetris ref\game.h">
      <Filter>Tetris reference files</Filter>
    </ClInclude>
    <ClInclude Include="..\..\EDK_II\MdeModulePkg\Application\tetris ref\piece.h">
      <Filter>Tetris reference files</Filter>
    </ClInclude>
  </ItemGroup>
</Project>